// !$*UTF8*$!
{
	archiveVersion = 1;
	classes = {
	};
	objectVersion = 50;
	objects = {

/* Begin PBXBuildFile section */
		1F8B06DD954EA782BF09336B /* Pods_Draw.framework in Frameworks */ = {isa = PBXBuildFile; fileRef = 55AC4ABF91ABEA764EDADEDF /* Pods_Draw.framework */; };
		209346401169A4D17AFDF028 /* Pods_DrawTests.framework in Frameworks */ = {isa = PBXBuildFile; fileRef = 1EFDD126127AB3137D011F46 /* Pods_DrawTests.framework */; };
		5B5B2AF908D74FBE6332F7E7 /* Pods_DrawUITests.framework in Frameworks */ = {isa = PBXBuildFile; fileRef = C6CB65F8CA5AC0A26C79DE0E /* Pods_DrawUITests.framework */; };
		9D1B886820B938AD00115E9F /* AppDelegate.swift in Sources */ = {isa = PBXBuildFile; fileRef = 9D1B886720B938AD00115E9F /* AppDelegate.swift */; };
		9D1B886D20B938AD00115E9F /* Main.storyboard in Resources */ = {isa = PBXBuildFile; fileRef = 9D1B886B20B938AD00115E9F /* Main.storyboard */; };
		9D1B886F20B938AF00115E9F /* Assets.xcassets in Resources */ = {isa = PBXBuildFile; fileRef = 9D1B886E20B938AF00115E9F /* Assets.xcassets */; };
		9D1B887220B938AF00115E9F /* LaunchScreen.storyboard in Resources */ = {isa = PBXBuildFile; fileRef = 9D1B887020B938AF00115E9F /* LaunchScreen.storyboard */; };
		9D1B887D20B938AF00115E9F /* DrawTests.swift in Sources */ = {isa = PBXBuildFile; fileRef = 9D1B887C20B938AF00115E9F /* DrawTests.swift */; };
		9D1B888820B938AF00115E9F /* DrawUITests.swift in Sources */ = {isa = PBXBuildFile; fileRef = 9D1B888720B938AF00115E9F /* DrawUITests.swift */; };
		9D32240520CD1A24001ADF13 /* RecommendViewController.swift in Sources */ = {isa = PBXBuildFile; fileRef = 9D32240420CD1A24001ADF13 /* RecommendViewController.swift */; };
		9D374F6520CA82AD00B03E67 /* LoginViewController.swift in Sources */ = {isa = PBXBuildFile; fileRef = 9D374F6420CA82AD00B03E67 /* LoginViewController.swift */; };
		9D374F6720CA82C000B03E67 /* RegisterViewController.swift in Sources */ = {isa = PBXBuildFile; fileRef = 9D374F6620CA82C000B03E67 /* RegisterViewController.swift */; };
		9D374F6920CA82CE00B03E67 /* ChangePSWViewController.swift in Sources */ = {isa = PBXBuildFile; fileRef = 9D374F6820CA82CE00B03E67 /* ChangePSWViewController.swift */; };
		9D5CA62F20CB7CB6001363B3 /* DSTrendChartGainListInfo.m in Sources */ = {isa = PBXBuildFile; fileRef = 9D5CA62020CB7CB0001363B3 /* DSTrendChartGainListInfo.m */; };
		9D5CA63020CB7CB6001363B3 /* DSTrendChartGainDataInfo.m in Sources */ = {isa = PBXBuildFile; fileRef = 9D5CA62220CB7CB1001363B3 /* DSTrendChartGainDataInfo.m */; };
		9D5CA63120CB7CB6001363B3 /* TTAppcationInstance.m in Sources */ = {isa = PBXBuildFile; fileRef = 9D5CA62320CB7CB1001363B3 /* TTAppcationInstance.m */; };
		9D5CA63220CB7CB6001363B3 /* DSView.m in Sources */ = {isa = PBXBuildFile; fileRef = 9D5CA62620CB7CB3001363B3 /* DSView.m */; };
		9D5CA63320CB7CB6001363B3 /* TTBetSSCInfo.m in Sources */ = {isa = PBXBuildFile; fileRef = 9D5CA62820CB7CB3001363B3 /* TTBetSSCInfo.m */; };
		9D5CA63420CB7CB6001363B3 /* DSTrendChartView.m in Sources */ = {isa = PBXBuildFile; fileRef = 9D5CA62C20CB7CB5001363B3 /* DSTrendChartView.m */; };
		9D5CA63520CB7CB6001363B3 /* DSDataObject.m in Sources */ = {isa = PBXBuildFile; fileRef = 9D5CA62E20CB7CB5001363B3 /* DSDataObject.m */; };
		9D5CA63820CB7CC2001363B3 /* CXLotteryOpenTrendVc.m in Sources */ = {isa = PBXBuildFile; fileRef = 9D5CA63720CB7CC2001363B3 /* CXLotteryOpenTrendVc.m */; };
		9D5CA63C20CB7D61001363B3 /* CXSSQModel.m in Sources */ = {isa = PBXBuildFile; fileRef = 9D5CA63B20CB7D60001363B3 /* CXSSQModel.m */; };
		9D5CA63F20CB7EBC001363B3 /* UIBarButtonItem+Item.m in Sources */ = {isa = PBXBuildFile; fileRef = 9D5CA63D20CB7EBB001363B3 /* UIBarButtonItem+Item.m */; };
		9D5CA64220CB7F0C001363B3 /* UIView+Extension.m in Sources */ = {isa = PBXBuildFile; fileRef = 9D5CA64120CB7F0C001363B3 /* UIView+Extension.m */; };
		9D5CA64620CB80D0001363B3 /* JAJNetwork.m in Sources */ = {isa = PBXBuildFile; fileRef = 9D5CA64520CB80D0001363B3 /* JAJNetwork.m */; };
		9D5CA64A20CB80E1001363B3 /* CXNetworkTool.m in Sources */ = {isa = PBXBuildFile; fileRef = 9D5CA64820CB80E0001363B3 /* CXNetworkTool.m */; };
		9D5CA65220CBB50C001363B3 /* NumberLibViewController.swift in Sources */ = {isa = PBXBuildFile; fileRef = 9D5CA65120CBB50C001363B3 /* NumberLibViewController.swift */; };
		9D5CA68320CBD06E001363B3 /* ChoosBallViewController.swift in Sources */ = {isa = PBXBuildFile; fileRef = 9D5CA68220CBD06E001363B3 /* ChoosBallViewController.swift */; };
		9D5CA68520CBD2AF001363B3 /* ChooseBallCollectionViewCell.swift in Sources */ = {isa = PBXBuildFile; fileRef = 9D5CA68420CBD2AF001363B3 /* ChooseBallCollectionViewCell.swift */; };
		9D86A18620C1478A00B80056 /* HomeViewController.swift in Sources */ = {isa = PBXBuildFile; fileRef = 9D86A18520C1478A00B80056 /* HomeViewController.swift */; };
		9D86A18820C147A300B80056 /* AwardViewController.swift in Sources */ = {isa = PBXBuildFile; fileRef = 9D86A18720C147A300B80056 /* AwardViewController.swift */; };
		9D86A18A20C147AD00B80056 /* MineViewController.swift in Sources */ = {isa = PBXBuildFile; fileRef = 9D86A18920C147AD00B80056 /* MineViewController.swift */; };
		9D86A18D20C14FA600B80056 /* MineTableViewCell.swift in Sources */ = {isa = PBXBuildFile; fileRef = 9D86A18C20C14FA600B80056 /* MineTableViewCell.swift */; };
		9D86A18F20C27C5A00B80056 /* MyOrderViewController.swift in Sources */ = {isa = PBXBuildFile; fileRef = 9D86A18E20C27C5A00B80056 /* MyOrderViewController.swift */; };
		9D86A19320C2975A00B80056 /* OrderTableViewCell.swift in Sources */ = {isa = PBXBuildFile; fileRef = 9D86A19120C2975A00B80056 /* OrderTableViewCell.swift */; };
		9D86A19420C2975A00B80056 /* OrderTableViewCell.xib in Resources */ = {isa = PBXBuildFile; fileRef = 9D86A19220C2975A00B80056 /* OrderTableViewCell.xib */; };
		9D86A19A20C2A64D00B80056 /* BaseNavigationViewController.swift in Sources */ = {isa = PBXBuildFile; fileRef = 9D86A19920C2A64D00B80056 /* BaseNavigationViewController.swift */; };
		9D86A19C20C513FC00B80056 /* AboutUsViewController.swift in Sources */ = {isa = PBXBuildFile; fileRef = 9D86A19B20C513FC00B80056 /* AboutUsViewController.swift */; };
		9D86A1A020C519A400B80056 /* SettingsTableViewController.swift in Sources */ = {isa = PBXBuildFile; fileRef = 9D86A19F20C519A400B80056 /* SettingsTableViewController.swift */; };
		9D86A1AF20C7D78400B80056 /* SLTool.swift in Sources */ = {isa = PBXBuildFile; fileRef = 9D86A1AE20C7D78400B80056 /* SLTool.swift */; };
		9D86A1B120C7E30D00B80056 /* NewsTableViewCell.swift in Sources */ = {isa = PBXBuildFile; fileRef = 9D86A1B020C7E30D00B80056 /* NewsTableViewCell.swift */; };
		9D86A1BB20C7E84200B80056 /* NewsRequest.swift in Sources */ = {isa = PBXBuildFile; fileRef = 9D86A1BA20C7E84200B80056 /* NewsRequest.swift */; };
		9D86A1BD20C9190500B80056 /* WebViewViewController.swift in Sources */ = {isa = PBXBuildFile; fileRef = 9D86A1BC20C9190400B80056 /* WebViewViewController.swift */; };
		9D86A1C120CA547800B80056 /* RequestManager.m in Sources */ = {isa = PBXBuildFile; fileRef = 9D86A1C020CA547800B80056 /* RequestManager.m */; };
		9DAF947120CCF3E500CA9666 /* AwardTableViewCell.swift in Sources */ = {isa = PBXBuildFile; fileRef = 9DAF947020CCF3E500CA9666 /* AwardTableViewCell.swift */; };
/* End PBXBuildFile section */

/* Begin PBXContainerItemProxy section */
		9D1B887920B938AF00115E9F /* PBXContainerItemProxy */ = {
			isa = PBXContainerItemProxy;
			containerPortal = 9D1B885C20B938AD00115E9F /* Project object */;
			proxyType = 1;
			remoteGlobalIDString = 9D1B886320B938AD00115E9F;
			remoteInfo = Draw;
		};
		9D1B888420B938AF00115E9F /* PBXContainerItemProxy */ = {
			isa = PBXContainerItemProxy;
			containerPortal = 9D1B885C20B938AD00115E9F /* Project object */;
			proxyType = 1;
			remoteGlobalIDString = 9D1B886320B938AD00115E9F;
			remoteInfo = Draw;
		};
/* End PBXContainerItemProxy section */

/* Begin PBXFileReference section */
		007FB1DAC22A68DFBA3BA567 /* Pods-DrawTests.release.xcconfig */ = {isa = PBXFileReference; includeInIndex = 1; lastKnownFileType = text.xcconfig; name = "Pods-DrawTests.release.xcconfig"; path = "Pods/Target Support Files/Pods-DrawTests/Pods-DrawTests.release.xcconfig"; sourceTree = "<group>"; };
		1EFDD126127AB3137D011F46 /* Pods_DrawTests.framework */ = {isa = PBXFileReference; explicitFileType = wrapper.framework; includeInIndex = 0; path = Pods_DrawTests.framework; sourceTree = BUILT_PRODUCTS_DIR; };
		4687B6C467835011FA142110 /* Pods-DrawTests.debug.xcconfig */ = {isa = PBXFileReference; includeInIndex = 1; lastKnownFileType = text.xcconfig; name = "Pods-DrawTests.debug.xcconfig"; path = "Pods/Target Support Files/Pods-DrawTests/Pods-DrawTests.debug.xcconfig"; sourceTree = "<group>"; };
		55AC4ABF91ABEA764EDADEDF /* Pods_Draw.framework */ = {isa = PBXFileReference; explicitFileType = wrapper.framework; includeInIndex = 0; path = Pods_Draw.framework; sourceTree = BUILT_PRODUCTS_DIR; };
		67838E8D739CC2A58EC02C3A /* Pods-Draw.release.xcconfig */ = {isa = PBXFileReference; includeInIndex = 1; lastKnownFileType = text.xcconfig; name = "Pods-Draw.release.xcconfig"; path = "Pods/Target Support Files/Pods-Draw/Pods-Draw.release.xcconfig"; sourceTree = "<group>"; };
		7D6AB0357DE5C8A3F3722314 /* Pods-Draw.debug.xcconfig */ = {isa = PBXFileReference; includeInIndex = 1; lastKnownFileType = text.xcconfig; name = "Pods-Draw.debug.xcconfig"; path = "Pods/Target Support Files/Pods-Draw/Pods-Draw.debug.xcconfig"; sourceTree = "<group>"; };
		87B17B5DF921C3744A5224C1 /* Pods-DrawUITests.debug.xcconfig */ = {isa = PBXFileReference; includeInIndex = 1; lastKnownFileType = text.xcconfig; name = "Pods-DrawUITests.debug.xcconfig"; path = "Pods/Target Support Files/Pods-DrawUITests/Pods-DrawUITests.debug.xcconfig"; sourceTree = "<group>"; };
		9D1B886420B938AD00115E9F /* Draw.app */ = {isa = PBXFileReference; explicitFileType = wrapper.application; includeInIndex = 0; path = Draw.app; sourceTree = BUILT_PRODUCTS_DIR; };
		9D1B886720B938AD00115E9F /* AppDelegate.swift */ = {isa = PBXFileReference; lastKnownFileType = sourcecode.swift; path = AppDelegate.swift; sourceTree = "<group>"; };
		9D1B886C20B938AD00115E9F /* Base */ = {isa = PBXFileReference; lastKnownFileType = file.storyboard; name = Base; path = Base.lproj/Main.storyboard; sourceTree = "<group>"; };
		9D1B886E20B938AF00115E9F /* Assets.xcassets */ = {isa = PBXFileReference; lastKnownFileType = folder.assetcatalog; path = Assets.xcassets; sourceTree = "<group>"; };
		9D1B887120B938AF00115E9F /* Base */ = {isa = PBXFileReference; lastKnownFileType = file.storyboard; name = Base; path = Base.lproj/LaunchScreen.storyboard; sourceTree = "<group>"; };
		9D1B887320B938AF00115E9F /* Info.plist */ = {isa = PBXFileReference; lastKnownFileType = text.plist.xml; path = Info.plist; sourceTree = "<group>"; };
		9D1B887820B938AF00115E9F /* DrawTests.xctest */ = {isa = PBXFileReference; explicitFileType = wrapper.cfbundle; includeInIndex = 0; path = DrawTests.xctest; sourceTree = BUILT_PRODUCTS_DIR; };
		9D1B887C20B938AF00115E9F /* DrawTests.swift */ = {isa = PBXFileReference; lastKnownFileType = sourcecode.swift; path = DrawTests.swift; sourceTree = "<group>"; };
		9D1B887E20B938AF00115E9F /* Info.plist */ = {isa = PBXFileReference; lastKnownFileType = text.plist.xml; path = Info.plist; sourceTree = "<group>"; };
		9D1B888320B938AF00115E9F /* DrawUITests.xctest */ = {isa = PBXFileReference; explicitFileType = wrapper.cfbundle; includeInIndex = 0; path = DrawUITests.xctest; sourceTree = BUILT_PRODUCTS_DIR; };
		9D1B888720B938AF00115E9F /* DrawUITests.swift */ = {isa = PBXFileReference; lastKnownFileType = sourcecode.swift; path = DrawUITests.swift; sourceTree = "<group>"; };
		9D1B888920B938AF00115E9F /* Info.plist */ = {isa = PBXFileReference; lastKnownFileType = text.plist.xml; path = Info.plist; sourceTree = "<group>"; };
		9D32240420CD1A24001ADF13 /* RecommendViewController.swift */ = {isa = PBXFileReference; lastKnownFileType = sourcecode.swift; path = RecommendViewController.swift; sourceTree = "<group>"; };
		9D32240620CD27C5001ADF13 /* PrefixHeader.pch */ = {isa = PBXFileReference; lastKnownFileType = sourcecode.c.h; path = PrefixHeader.pch; sourceTree = "<group>"; };
		9D374F6420CA82AD00B03E67 /* LoginViewController.swift */ = {isa = PBXFileReference; lastKnownFileType = sourcecode.swift; path = LoginViewController.swift; sourceTree = "<group>"; };
		9D374F6620CA82C000B03E67 /* RegisterViewController.swift */ = {isa = PBXFileReference; lastKnownFileType = sourcecode.swift; path = RegisterViewController.swift; sourceTree = "<group>"; };
		9D374F6820CA82CE00B03E67 /* ChangePSWViewController.swift */ = {isa = PBXFileReference; lastKnownFileType = sourcecode.swift; path = ChangePSWViewController.swift; sourceTree = "<group>"; };
		9D5CA62020CB7CB0001363B3 /* DSTrendChartGainListInfo.m */ = {isa = PBXFileReference; fileEncoding = 4; lastKnownFileType = sourcecode.c.objc; path = DSTrendChartGainListInfo.m; sourceTree = "<group>"; };
		9D5CA62120CB7CB1001363B3 /* DSDataObject.h */ = {isa = PBXFileReference; fileEncoding = 4; lastKnownFileType = sourcecode.c.h; path = DSDataObject.h; sourceTree = "<group>"; };
		9D5CA62220CB7CB1001363B3 /* DSTrendChartGainDataInfo.m */ = {isa = PBXFileReference; fileEncoding = 4; lastKnownFileType = sourcecode.c.objc; path = DSTrendChartGainDataInfo.m; sourceTree = "<group>"; };
		9D5CA62320CB7CB1001363B3 /* TTAppcationInstance.m */ = {isa = PBXFileReference; fileEncoding = 4; lastKnownFileType = sourcecode.c.objc; path = TTAppcationInstance.m; sourceTree = "<group>"; };
		9D5CA62420CB7CB2001363B3 /* DSTrendChartGainListInfo.h */ = {isa = PBXFileReference; fileEncoding = 4; lastKnownFileType = sourcecode.c.h; path = DSTrendChartGainListInfo.h; sourceTree = "<group>"; };
		9D5CA62520CB7CB2001363B3 /* DSTrendChartView.h */ = {isa = PBXFileReference; fileEncoding = 4; lastKnownFileType = sourcecode.c.h; path = DSTrendChartView.h; sourceTree = "<group>"; };
		9D5CA62620CB7CB3001363B3 /* DSView.m */ = {isa = PBXFileReference; fileEncoding = 4; lastKnownFileType = sourcecode.c.objc; path = DSView.m; sourceTree = "<group>"; };
		9D5CA62720CB7CB3001363B3 /* TTAppcationInstance.h */ = {isa = PBXFileReference; fileEncoding = 4; lastKnownFileType = sourcecode.c.h; path = TTAppcationInstance.h; sourceTree = "<group>"; };
		9D5CA62820CB7CB3001363B3 /* TTBetSSCInfo.m */ = {isa = PBXFileReference; fileEncoding = 4; lastKnownFileType = sourcecode.c.objc; path = TTBetSSCInfo.m; sourceTree = "<group>"; };
		9D5CA62920CB7CB4001363B3 /* FEPrecompile.h */ = {isa = PBXFileReference; fileEncoding = 4; lastKnownFileType = sourcecode.c.h; path = FEPrecompile.h; sourceTree = "<group>"; };
		9D5CA62A20CB7CB4001363B3 /* DSView.h */ = {isa = PBXFileReference; fileEncoding = 4; lastKnownFileType = sourcecode.c.h; path = DSView.h; sourceTree = "<group>"; };
		9D5CA62B20CB7CB4001363B3 /* TTBetSSCInfo.h */ = {isa = PBXFileReference; fileEncoding = 4; lastKnownFileType = sourcecode.c.h; path = TTBetSSCInfo.h; sourceTree = "<group>"; };
		9D5CA62C20CB7CB5001363B3 /* DSTrendChartView.m */ = {isa = PBXFileReference; fileEncoding = 4; lastKnownFileType = sourcecode.c.objc; path = DSTrendChartView.m; sourceTree = "<group>"; };
		9D5CA62D20CB7CB5001363B3 /* DSTrendChartGainDataInfo.h */ = {isa = PBXFileReference; fileEncoding = 4; lastKnownFileType = sourcecode.c.h; path = DSTrendChartGainDataInfo.h; sourceTree = "<group>"; };
		9D5CA62E20CB7CB5001363B3 /* DSDataObject.m */ = {isa = PBXFileReference; fileEncoding = 4; lastKnownFileType = sourcecode.c.objc; path = DSDataObject.m; sourceTree = "<group>"; };
		9D5CA63620CB7CC1001363B3 /* CXLotteryOpenTrendVc.h */ = {isa = PBXFileReference; fileEncoding = 4; lastKnownFileType = sourcecode.c.h; path = CXLotteryOpenTrendVc.h; sourceTree = "<group>"; };
		9D5CA63720CB7CC2001363B3 /* CXLotteryOpenTrendVc.m */ = {isa = PBXFileReference; fileEncoding = 4; lastKnownFileType = sourcecode.c.objc; path = CXLotteryOpenTrendVc.m; sourceTree = "<group>"; };
		9D5CA63920CB7D12001363B3 /* FEPrecompile.h */ = {isa = PBXFileReference; fileEncoding = 4; lastKnownFileType = sourcecode.c.h; name = FEPrecompile.h; path = ../../../../Downloads/temp/Lottery/Lottery/Classes/LotteryRecord/LotteryOpenTrend/FEPrecompile.h; sourceTree = "<group>"; };
		9D5CA63A20CB7D60001363B3 /* CXSSQModel.h */ = {isa = PBXFileReference; fileEncoding = 4; lastKnownFileType = sourcecode.c.h; path = CXSSQModel.h; sourceTree = "<group>"; };
		9D5CA63B20CB7D60001363B3 /* CXSSQModel.m */ = {isa = PBXFileReference; fileEncoding = 4; lastKnownFileType = sourcecode.c.objc; path = CXSSQModel.m; sourceTree = "<group>"; };
		9D5CA63D20CB7EBB001363B3 /* UIBarButtonItem+Item.m */ = {isa = PBXFileReference; fileEncoding = 4; lastKnownFileType = sourcecode.c.objc; path = "UIBarButtonItem+Item.m"; sourceTree = "<group>"; };
		9D5CA63E20CB7EBB001363B3 /* UIBarButtonItem+Item.h */ = {isa = PBXFileReference; fileEncoding = 4; lastKnownFileType = sourcecode.c.h; path = "UIBarButtonItem+Item.h"; sourceTree = "<group>"; };
		9D5CA64020CB7F0B001363B3 /* UIView+Extension.h */ = {isa = PBXFileReference; fileEncoding = 4; lastKnownFileType = sourcecode.c.h; path = "UIView+Extension.h"; sourceTree = "<group>"; };
		9D5CA64120CB7F0C001363B3 /* UIView+Extension.m */ = {isa = PBXFileReference; fileEncoding = 4; lastKnownFileType = sourcecode.c.objc; path = "UIView+Extension.m"; sourceTree = "<group>"; };
		9D5CA64320CB7F3C001363B3 /* CXLottery.h */ = {isa = PBXFileReference; fileEncoding = 4; lastKnownFileType = sourcecode.c.h; path = CXLottery.h; sourceTree = "<group>"; };
		9D5CA64420CB80CF001363B3 /* JAJNetwork.h */ = {isa = PBXFileReference; fileEncoding = 4; lastKnownFileType = sourcecode.c.h; path = JAJNetwork.h; sourceTree = "<group>"; };
		9D5CA64520CB80D0001363B3 /* JAJNetwork.m */ = {isa = PBXFileReference; fileEncoding = 4; lastKnownFileType = sourcecode.c.objc; path = JAJNetwork.m; sourceTree = "<group>"; };
		9D5CA64720CB80E0001363B3 /* CXNetworkTool.h */ = {isa = PBXFileReference; fileEncoding = 4; lastKnownFileType = sourcecode.c.h; path = CXNetworkTool.h; sourceTree = "<group>"; };
		9D5CA64820CB80E0001363B3 /* CXNetworkTool.m */ = {isa = PBXFileReference; fileEncoding = 4; lastKnownFileType = sourcecode.c.objc; path = CXNetworkTool.m; sourceTree = "<group>"; };
		9D5CA64920CB80E1001363B3 /* CXNetworkConfig.h */ = {isa = PBXFileReference; fileEncoding = 4; lastKnownFileType = sourcecode.c.h; path = CXNetworkConfig.h; sourceTree = "<group>"; };
		9D5CA64C20CB80FE001363B3 /* FEPrecompile.h */ = {isa = PBXFileReference; lastKnownFileType = sourcecode.c.h; name = FEPrecompile.h; path = ../../../../../Downloads/temp/Lottery/Lottery/Classes/LotteryRecord/LotteryOpenTrend/FEPrecompile.h; sourceTree = "<group>"; };
		9D5CA65020CB837A001363B3 /* FEPrecompile.h */ = {isa = PBXFileReference; lastKnownFileType = sourcecode.c.h; name = FEPrecompile.h; path = ../../../../../Downloads/temp/Lottery/Lottery/Classes/LotteryRecord/LotteryOpenTrend/FEPrecompile.h; sourceTree = "<group>"; };
		9D5CA65120CBB50C001363B3 /* NumberLibViewController.swift */ = {isa = PBXFileReference; lastKnownFileType = sourcecode.swift; path = NumberLibViewController.swift; sourceTree = "<group>"; };
		9D5CA68220CBD06E001363B3 /* ChoosBallViewController.swift */ = {isa = PBXFileReference; lastKnownFileType = sourcecode.swift; path = ChoosBallViewController.swift; sourceTree = "<group>"; };
		9D5CA68420CBD2AF001363B3 /* ChooseBallCollectionViewCell.swift */ = {isa = PBXFileReference; lastKnownFileType = sourcecode.swift; path = ChooseBallCollectionViewCell.swift; sourceTree = "<group>"; };
		9D86A18520C1478A00B80056 /* HomeViewController.swift */ = {isa = PBXFileReference; lastKnownFileType = sourcecode.swift; path = HomeViewController.swift; sourceTree = "<group>"; };
		9D86A18720C147A300B80056 /* AwardViewController.swift */ = {isa = PBXFileReference; lastKnownFileType = sourcecode.swift; path = AwardViewController.swift; sourceTree = "<group>"; };
		9D86A18920C147AD00B80056 /* MineViewController.swift */ = {isa = PBXFileReference; lastKnownFileType = sourcecode.swift; path = MineViewController.swift; sourceTree = "<group>"; };
		9D86A18C20C14FA600B80056 /* MineTableViewCell.swift */ = {isa = PBXFileReference; lastKnownFileType = sourcecode.swift; path = MineTableViewCell.swift; sourceTree = "<group>"; };
		9D86A18E20C27C5A00B80056 /* MyOrderViewController.swift */ = {isa = PBXFileReference; lastKnownFileType = sourcecode.swift; path = MyOrderViewController.swift; sourceTree = "<group>"; };
		9D86A19120C2975A00B80056 /* OrderTableViewCell.swift */ = {isa = PBXFileReference; lastKnownFileType = sourcecode.swift; path = OrderTableViewCell.swift; sourceTree = "<group>"; };
		9D86A19220C2975A00B80056 /* OrderTableViewCell.xib */ = {isa = PBXFileReference; lastKnownFileType = file.xib; path = OrderTableViewCell.xib; sourceTree = "<group>"; };
		9D86A19920C2A64D00B80056 /* BaseNavigationViewController.swift */ = {isa = PBXFileReference; lastKnownFileType = sourcecode.swift; path = BaseNavigationViewController.swift; sourceTree = "<group>"; };
		9D86A19B20C513FC00B80056 /* AboutUsViewController.swift */ = {isa = PBXFileReference; lastKnownFileType = sourcecode.swift; path = AboutUsViewController.swift; sourceTree = "<group>"; };
		9D86A19F20C519A400B80056 /* SettingsTableViewController.swift */ = {isa = PBXFileReference; lastKnownFileType = sourcecode.swift; path = SettingsTableViewController.swift; sourceTree = "<group>"; };
		9D86A1AE20C7D78400B80056 /* SLTool.swift */ = {isa = PBXFileReference; lastKnownFileType = sourcecode.swift; path = SLTool.swift; sourceTree = "<group>"; };
		9D86A1B020C7E30D00B80056 /* NewsTableViewCell.swift */ = {isa = PBXFileReference; lastKnownFileType = sourcecode.swift; path = NewsTableViewCell.swift; sourceTree = "<group>"; };
		9D86A1BA20C7E84200B80056 /* NewsRequest.swift */ = {isa = PBXFileReference; lastKnownFileType = sourcecode.swift; path = NewsRequest.swift; sourceTree = "<group>"; };
		9D86A1BC20C9190400B80056 /* WebViewViewController.swift */ = {isa = PBXFileReference; lastKnownFileType = sourcecode.swift; path = WebViewViewController.swift; sourceTree = "<group>"; };
		9D86A1BE20CA547600B80056 /* Draw-Bridging-Header.h */ = {isa = PBXFileReference; lastKnownFileType = sourcecode.c.h; path = "Draw-Bridging-Header.h"; sourceTree = "<group>"; };
		9D86A1BF20CA547700B80056 /* RequestManager.h */ = {isa = PBXFileReference; fileEncoding = 4; lastKnownFileType = sourcecode.c.h; path = RequestManager.h; sourceTree = "<group>"; };
		9D86A1C020CA547800B80056 /* RequestManager.m */ = {isa = PBXFileReference; fileEncoding = 4; lastKnownFileType = sourcecode.c.objc; path = RequestManager.m; sourceTree = "<group>"; };
		9DAF947020CCF3E500CA9666 /* AwardTableViewCell.swift */ = {isa = PBXFileReference; lastKnownFileType = sourcecode.swift; path = AwardTableViewCell.swift; sourceTree = "<group>"; };
		9E18BB591223610F2769933C /* Pods-DrawUITests.release.xcconfig */ = {isa = PBXFileReference; includeInIndex = 1; lastKnownFileType = text.xcconfig; name = "Pods-DrawUITests.release.xcconfig"; path = "Pods/Target Support Files/Pods-DrawUITests/Pods-DrawUITests.release.xcconfig"; sourceTree = "<group>"; };
		C6CB65F8CA5AC0A26C79DE0E /* Pods_DrawUITests.framework */ = {isa = PBXFileReference; explicitFileType = wrapper.framework; includeInIndex = 0; path = Pods_DrawUITests.framework; sourceTree = BUILT_PRODUCTS_DIR; };
/* End PBXFileReference section */

/* Begin PBXFrameworksBuildPhase section */
		9D1B886120B938AD00115E9F /* Frameworks */ = {
			isa = PBXFrameworksBuildPhase;
			buildActionMask = 2147483647;
			files = (
				1F8B06DD954EA782BF09336B /* Pods_Draw.framework in Frameworks */,
			);
			runOnlyForDeploymentPostprocessing = 0;
		};
		9D1B887520B938AF00115E9F /* Frameworks */ = {
			isa = PBXFrameworksBuildPhase;
			buildActionMask = 2147483647;
			files = (
				209346401169A4D17AFDF028 /* Pods_DrawTests.framework in Frameworks */,
			);
			runOnlyForDeploymentPostprocessing = 0;
		};
		9D1B888020B938AF00115E9F /* Frameworks */ = {
			isa = PBXFrameworksBuildPhase;
			buildActionMask = 2147483647;
			files = (
				5B5B2AF908D74FBE6332F7E7 /* Pods_DrawUITests.framework in Frameworks */,
			);
			runOnlyForDeploymentPostprocessing = 0;
		};
/* End PBXFrameworksBuildPhase section */

/* Begin PBXGroup section */
		23F34A15737F38767798F4E1 /* Pods */ = {
			isa = PBXGroup;
			children = (
				7D6AB0357DE5C8A3F3722314 /* Pods-Draw.debug.xcconfig */,
				67838E8D739CC2A58EC02C3A /* Pods-Draw.release.xcconfig */,
				4687B6C467835011FA142110 /* Pods-DrawTests.debug.xcconfig */,
				007FB1DAC22A68DFBA3BA567 /* Pods-DrawTests.release.xcconfig */,
				87B17B5DF921C3744A5224C1 /* Pods-DrawUITests.debug.xcconfig */,
				9E18BB591223610F2769933C /* Pods-DrawUITests.release.xcconfig */,
			);
			name = Pods;
			sourceTree = "<group>";
		};
		74D133ED27B30C18057011AE /* Frameworks */ = {
			isa = PBXGroup;
			children = (
				55AC4ABF91ABEA764EDADEDF /* Pods_Draw.framework */,
				1EFDD126127AB3137D011F46 /* Pods_DrawTests.framework */,
				C6CB65F8CA5AC0A26C79DE0E /* Pods_DrawUITests.framework */,
			);
			name = Frameworks;
			sourceTree = "<group>";
		};
		9D1B885B20B938AD00115E9F = {
			isa = PBXGroup;
			children = (
				9D1B886620B938AD00115E9F /* Draw */,
				9D1B887B20B938AF00115E9F /* DrawTests */,
				9D1B888620B938AF00115E9F /* DrawUITests */,
				9D1B886520B938AD00115E9F /* Products */,
				23F34A15737F38767798F4E1 /* Pods */,
				74D133ED27B30C18057011AE /* Frameworks */,
			);
			sourceTree = "<group>";
		};
		9D1B886520B938AD00115E9F /* Products */ = {
			isa = PBXGroup;
			children = (
				9D1B886420B938AD00115E9F /* Draw.app */,
				9D1B887820B938AF00115E9F /* DrawTests.xctest */,
				9D1B888320B938AF00115E9F /* DrawUITests.xctest */,
			);
			name = Products;
			sourceTree = "<group>";
		};
		9D1B886620B938AD00115E9F /* Draw */ = {
			isa = PBXGroup;
			children = (
				9D1B886720B938AD00115E9F /* AppDelegate.swift */,
				9D86A19920C2A64D00B80056 /* BaseNavigationViewController.swift */,
				9D5CA61F20CB7C92001363B3 /* Trend */,
				9D86A1AB20C7D65C00B80056 /* Home */,
				9D86A1AC20C7D75900B80056 /* Award */,
				9D86A19020C27C5F00B80056 /* Mine */,
				9D374F6320CA828D00B03E67 /* Login */,
				9D86A18B20C14F8F00B80056 /* View */,
				9D86A1A120C7B1D400B80056 /* Venders */,
				9D86A1AD20C7D76A00B80056 /* Tools */,
				9D1B886B20B938AD00115E9F /* Main.storyboard */,
				9D1B886E20B938AF00115E9F /* Assets.xcassets */,
				9D1B887020B938AF00115E9F /* LaunchScreen.storyboard */,
				9D1B887320B938AF00115E9F /* Info.plist */,
			);
			path = Draw;
			sourceTree = "<group>";
		};
		9D1B887B20B938AF00115E9F /* DrawTests */ = {
			isa = PBXGroup;
			children = (
				9D1B887C20B938AF00115E9F /* DrawTests.swift */,
				9D1B887E20B938AF00115E9F /* Info.plist */,
			);
			path = DrawTests;
			sourceTree = "<group>";
		};
		9D1B888620B938AF00115E9F /* DrawUITests */ = {
			isa = PBXGroup;
			children = (
				9D1B888720B938AF00115E9F /* DrawUITests.swift */,
				9D1B888920B938AF00115E9F /* Info.plist */,
			);
			path = DrawUITests;
			sourceTree = "<group>";
		};
		9D374F6320CA828D00B03E67 /* Login */ = {
			isa = PBXGroup;
			children = (
				9D374F6420CA82AD00B03E67 /* LoginViewController.swift */,
				9D374F6620CA82C000B03E67 /* RegisterViewController.swift */,
				9D374F6820CA82CE00B03E67 /* ChangePSWViewController.swift */,
			);
			path = Login;
			sourceTree = "<group>";
		};
		9D5CA61F20CB7C92001363B3 /* Trend */ = {
			isa = PBXGroup;
			children = (
				9D5CA63620CB7CC1001363B3 /* CXLotteryOpenTrendVc.h */,
				9D5CA63720CB7CC2001363B3 /* CXLotteryOpenTrendVc.m */,
				9D5CA64B20CB80E9001363B3 /* Other */,
				9D5CA63920CB7D12001363B3 /* FEPrecompile.h */,
			);
			path = Trend;
			sourceTree = "<group>";
		};
		9D5CA64B20CB80E9001363B3 /* Other */ = {
			isa = PBXGroup;
			children = (
				9D5CA65020CB837A001363B3 /* FEPrecompile.h */,
				9D5CA64920CB80E1001363B3 /* CXNetworkConfig.h */,
				9D5CA64720CB80E0001363B3 /* CXNetworkTool.h */,
				9D5CA64820CB80E0001363B3 /* CXNetworkTool.m */,
				9D5CA64420CB80CF001363B3 /* JAJNetwork.h */,
				9D5CA64520CB80D0001363B3 /* JAJNetwork.m */,
				9D5CA64320CB7F3C001363B3 /* CXLottery.h */,
				9D5CA63E20CB7EBB001363B3 /* UIBarButtonItem+Item.h */,
				9D5CA63D20CB7EBB001363B3 /* UIBarButtonItem+Item.m */,
				9D5CA64020CB7F0B001363B3 /* UIView+Extension.h */,
				9D5CA62520CB7CB2001363B3 /* DSTrendChartView.h */,
				9D5CA62C20CB7CB5001363B3 /* DSTrendChartView.m */,
				9D5CA64120CB7F0C001363B3 /* UIView+Extension.m */,
				9D5CA62920CB7CB4001363B3 /* FEPrecompile.h */,
				9D5CA64C20CB80FE001363B3 /* FEPrecompile.h */,
				9D5CA63A20CB7D60001363B3 /* CXSSQModel.h */,
				9D5CA63B20CB7D60001363B3 /* CXSSQModel.m */,
				9D5CA62B20CB7CB4001363B3 /* TTBetSSCInfo.h */,
				9D5CA62820CB7CB3001363B3 /* TTBetSSCInfo.m */,
				9D5CA62720CB7CB3001363B3 /* TTAppcationInstance.h */,
				9D5CA62320CB7CB1001363B3 /* TTAppcationInstance.m */,
				9D5CA62A20CB7CB4001363B3 /* DSView.h */,
				9D5CA62620CB7CB3001363B3 /* DSView.m */,
				9D5CA62120CB7CB1001363B3 /* DSDataObject.h */,
				9D5CA62E20CB7CB5001363B3 /* DSDataObject.m */,
				9D5CA62420CB7CB2001363B3 /* DSTrendChartGainListInfo.h */,
				9D5CA62220CB7CB1001363B3 /* DSTrendChartGainDataInfo.m */,
				9D5CA62020CB7CB0001363B3 /* DSTrendChartGainListInfo.m */,
				9D5CA62D20CB7CB5001363B3 /* DSTrendChartGainDataInfo.h */,
			);
			path = Other;
			sourceTree = "<group>";
		};
		9D86A18B20C14F8F00B80056 /* View */ = {
			isa = PBXGroup;
			children = (
				9D86A18C20C14FA600B80056 /* MineTableViewCell.swift */,
				9D86A19120C2975A00B80056 /* OrderTableViewCell.swift */,
				9D86A19220C2975A00B80056 /* OrderTableViewCell.xib */,
				9D86A1B020C7E30D00B80056 /* NewsTableViewCell.swift */,
				9D5CA68420CBD2AF001363B3 /* ChooseBallCollectionViewCell.swift */,
				9DAF947020CCF3E500CA9666 /* AwardTableViewCell.swift */,
			);
			path = View;
			sourceTree = "<group>";
		};
		9D86A19020C27C5F00B80056 /* Mine */ = {
			isa = PBXGroup;
			children = (
				9D86A18920C147AD00B80056 /* MineViewController.swift */,
				9D86A18E20C27C5A00B80056 /* MyOrderViewController.swift */,
				9D86A19B20C513FC00B80056 /* AboutUsViewController.swift */,
				9D86A19F20C519A400B80056 /* SettingsTableViewController.swift */,
			);
			path = Mine;
			sourceTree = "<group>";
		};
		9D86A1A120C7B1D400B80056 /* Venders */ = {
			isa = PBXGroup;
			children = (
			);
			path = Venders;
			sourceTree = "<group>";
		};
		9D86A1AB20C7D65C00B80056 /* Home */ = {
			isa = PBXGroup;
			children = (
				9D86A18520C1478A00B80056 /* HomeViewController.swift */,
				9D86A1BC20C9190400B80056 /* WebViewViewController.swift */,
				9D5CA65120CBB50C001363B3 /* NumberLibViewController.swift */,
				9D5CA68220CBD06E001363B3 /* ChoosBallViewController.swift */,
				9D32240420CD1A24001ADF13 /* RecommendViewController.swift */,
			);
			path = Home;
			sourceTree = "<group>";
		};
		9D86A1AC20C7D75900B80056 /* Award */ = {
			isa = PBXGroup;
			children = (
				9D86A18720C147A300B80056 /* AwardViewController.swift */,
			);
			path = Award;
			sourceTree = "<group>";
		};
		9D86A1AD20C7D76A00B80056 /* Tools */ = {
			isa = PBXGroup;
			children = (
				9D86A1AE20C7D78400B80056 /* SLTool.swift */,
				9D86A1BA20C7E84200B80056 /* NewsRequest.swift */,
				9D86A1BF20CA547700B80056 /* RequestManager.h */,
				9D86A1C020CA547800B80056 /* RequestManager.m */,
				9D86A1BE20CA547600B80056 /* Draw-Bridging-Header.h */,
				9D32240620CD27C5001ADF13 /* PrefixHeader.pch */,
			);
			path = Tools;
			sourceTree = "<group>";
		};
/* End PBXGroup section */

/* Begin PBXNativeTarget section */
		9D1B886320B938AD00115E9F /* Draw */ = {
			isa = PBXNativeTarget;
			buildConfigurationList = 9D1B888C20B938AF00115E9F /* Build configuration list for PBXNativeTarget "Draw" */;
			buildPhases = (
				235F7D866805C5D7D8E6EB0B /* [CP] Check Pods Manifest.lock */,
				9D1B886020B938AD00115E9F /* Sources */,
				9D1B886120B938AD00115E9F /* Frameworks */,
				9D1B886220B938AD00115E9F /* Resources */,
				2C2B8C87AB7AA619D3AEA9AF /* [CP] Embed Pods Frameworks */,
			);
			buildRules = (
			);
			dependencies = (
			);
			name = Draw;
			productName = Draw;
			productReference = 9D1B886420B938AD00115E9F /* Draw.app */;
			productType = "com.apple.product-type.application";
		};
		9D1B887720B938AF00115E9F /* DrawTests */ = {
			isa = PBXNativeTarget;
			buildConfigurationList = 9D1B888F20B938AF00115E9F /* Build configuration list for PBXNativeTarget "DrawTests" */;
			buildPhases = (
				9E12503E1D09C3A7C0AE239D /* [CP] Check Pods Manifest.lock */,
				9D1B887420B938AF00115E9F /* Sources */,
				9D1B887520B938AF00115E9F /* Frameworks */,
				9D1B887620B938AF00115E9F /* Resources */,
			);
			buildRules = (
			);
			dependencies = (
				9D1B887A20B938AF00115E9F /* PBXTargetDependency */,
			);
			name = DrawTests;
			productName = DrawTests;
			productReference = 9D1B887820B938AF00115E9F /* DrawTests.xctest */;
			productType = "com.apple.product-type.bundle.unit-test";
		};
		9D1B888220B938AF00115E9F /* DrawUITests */ = {
			isa = PBXNativeTarget;
			buildConfigurationList = 9D1B889220B938AF00115E9F /* Build configuration list for PBXNativeTarget "DrawUITests" */;
			buildPhases = (
				2AFCA9A6F25D5B66CA5B3742 /* [CP] Check Pods Manifest.lock */,
				9D1B887F20B938AF00115E9F /* Sources */,
				9D1B888020B938AF00115E9F /* Frameworks */,
				9D1B888120B938AF00115E9F /* Resources */,
			);
			buildRules = (
			);
			dependencies = (
				9D1B888520B938AF00115E9F /* PBXTargetDependency */,
			);
			name = DrawUITests;
			productName = DrawUITests;
			productReference = 9D1B888320B938AF00115E9F /* DrawUITests.xctest */;
			productType = "com.apple.product-type.bundle.ui-testing";
		};
/* End PBXNativeTarget section */

/* Begin PBXProject section */
		9D1B885C20B938AD00115E9F /* Project object */ = {
			isa = PBXProject;
			attributes = {
				LastSwiftUpdateCheck = 0930;
				LastUpgradeCheck = 0930;
				ORGANIZATIONNAME = shilin;
				TargetAttributes = {
					9D1B886320B938AD00115E9F = {
						CreatedOnToolsVersion = 9.3;
						LastSwiftMigration = 0930;
					};
					9D1B887720B938AF00115E9F = {
						CreatedOnToolsVersion = 9.3;
						TestTargetID = 9D1B886320B938AD00115E9F;
					};
					9D1B888220B938AF00115E9F = {
						CreatedOnToolsVersion = 9.3;
						TestTargetID = 9D1B886320B938AD00115E9F;
					};
				};
			};
			buildConfigurationList = 9D1B885F20B938AD00115E9F /* Build configuration list for PBXProject "Draw" */;
			compatibilityVersion = "Xcode 9.3";
			developmentRegion = en;
			hasScannedForEncodings = 0;
			knownRegions = (
				en,
				Base,
			);
			mainGroup = 9D1B885B20B938AD00115E9F;
			productRefGroup = 9D1B886520B938AD00115E9F /* Products */;
			projectDirPath = "";
			projectRoot = "";
			targets = (
				9D1B886320B938AD00115E9F /* Draw */,
				9D1B887720B938AF00115E9F /* DrawTests */,
				9D1B888220B938AF00115E9F /* DrawUITests */,
			);
		};
/* End PBXProject section */

/* Begin PBXResourcesBuildPhase section */
		9D1B886220B938AD00115E9F /* Resources */ = {
			isa = PBXResourcesBuildPhase;
			buildActionMask = 2147483647;
			files = (
				9D1B887220B938AF00115E9F /* LaunchScreen.storyboard in Resources */,
				9D1B886F20B938AF00115E9F /* Assets.xcassets in Resources */,
				9D86A19420C2975A00B80056 /* OrderTableViewCell.xib in Resources */,
				9D1B886D20B938AD00115E9F /* Main.storyboard in Resources */,
			);
			runOnlyForDeploymentPostprocessing = 0;
		};
		9D1B887620B938AF00115E9F /* Resources */ = {
			isa = PBXResourcesBuildPhase;
			buildActionMask = 2147483647;
			files = (
			);
			runOnlyForDeploymentPostprocessing = 0;
		};
		9D1B888120B938AF00115E9F /* Resources */ = {
			isa = PBXResourcesBuildPhase;
			buildActionMask = 2147483647;
			files = (
			);
			runOnlyForDeploymentPostprocessing = 0;
		};
/* End PBXResourcesBuildPhase section */

/* Begin PBXShellScriptBuildPhase section */
		235F7D866805C5D7D8E6EB0B /* [CP] Check Pods Manifest.lock */ = {
			isa = PBXShellScriptBuildPhase;
			buildActionMask = 2147483647;
			files = (
			);
			inputPaths = (
				"${PODS_PODFILE_DIR_PATH}/Podfile.lock",
				"${PODS_ROOT}/Manifest.lock",
			);
			name = "[CP] Check Pods Manifest.lock";
			outputPaths = (
				"$(DERIVED_FILE_DIR)/Pods-Draw-checkManifestLockResult.txt",
			);
			runOnlyForDeploymentPostprocessing = 0;
			shellPath = /bin/sh;
			shellScript = "diff \"${PODS_PODFILE_DIR_PATH}/Podfile.lock\" \"${PODS_ROOT}/Manifest.lock\" > /dev/null\nif [ $? != 0 ] ; then\n    # print error to STDERR\n    echo \"error: The sandbox is not in sync with the Podfile.lock. Run 'pod install' or update your CocoaPods installation.\" >&2\n    exit 1\nfi\n# This output is used by Xcode 'outputs' to avoid re-running this script phase.\necho \"SUCCESS\" > \"${SCRIPT_OUTPUT_FILE_0}\"\n";
			showEnvVarsInLog = 0;
		};
		2AFCA9A6F25D5B66CA5B3742 /* [CP] Check Pods Manifest.lock */ = {
			isa = PBXShellScriptBuildPhase;
			buildActionMask = 2147483647;
			files = (
			);
			inputPaths = (
				"${PODS_PODFILE_DIR_PATH}/Podfile.lock",
				"${PODS_ROOT}/Manifest.lock",
			);
			name = "[CP] Check Pods Manifest.lock";
			outputPaths = (
				"$(DERIVED_FILE_DIR)/Pods-DrawUITests-checkManifestLockResult.txt",
			);
			runOnlyForDeploymentPostprocessing = 0;
			shellPath = /bin/sh;
			shellScript = "diff \"${PODS_PODFILE_DIR_PATH}/Podfile.lock\" \"${PODS_ROOT}/Manifest.lock\" > /dev/null\nif [ $? != 0 ] ; then\n    # print error to STDERR\n    echo \"error: The sandbox is not in sync with the Podfile.lock. Run 'pod install' or update your CocoaPods installation.\" >&2\n    exit 1\nfi\n# This output is used by Xcode 'outputs' to avoid re-running this script phase.\necho \"SUCCESS\" > \"${SCRIPT_OUTPUT_FILE_0}\"\n";
			showEnvVarsInLog = 0;
		};
		2C2B8C87AB7AA619D3AEA9AF /* [CP] Embed Pods Frameworks */ = {
			isa = PBXShellScriptBuildPhase;
			buildActionMask = 2147483647;
			files = (
			);
			inputPaths = (
				"${SRCROOT}/Pods/Target Support Files/Pods-Draw/Pods-Draw-frameworks.sh",
				"${BUILT_PRODUCTS_DIR}/AFNetworking/AFNetworking.framework",
				"${BUILT_PRODUCTS_DIR}/Alamofire/Alamofire.framework",
				"${BUILT_PRODUCTS_DIR}/BetterSegmentedControl/BetterSegmentedControl.framework",
				"${BUILT_PRODUCTS_DIR}/DZNEmptyDataSet/DZNEmptyDataSet.framework",
				"${BUILT_PRODUCTS_DIR}/IQKeyboardManager/IQKeyboardManager.framework",
				"${BUILT_PRODUCTS_DIR}/IQKeyboardManagerSwift/IQKeyboardManagerSwift.framework",
				"${BUILT_PRODUCTS_DIR}/Kingfisher/Kingfisher.framework",
				"${BUILT_PRODUCTS_DIR}/LeanCloud/LeanCloud.framework",
				"${BUILT_PRODUCTS_DIR}/MBProgressHUD/MBProgressHUD.framework",
				"${BUILT_PRODUCTS_DIR}/MJExtension/MJExtension.framework",
				"${BUILT_PRODUCTS_DIR}/MJRefresh/MJRefresh.framework",
				"${BUILT_PRODUCTS_DIR}/Masonry/Masonry.framework",
				"${BUILT_PRODUCTS_DIR}/Moya/Moya.framework",
				"${BUILT_PRODUCTS_DIR}/ObjectMapper/ObjectMapper.framework",
				"${BUILT_PRODUCTS_DIR}/Result/Result.framework",
				"${BUILT_PRODUCTS_DIR}/RxSwift/RxSwift.framework",
				"${BUILT_PRODUCTS_DIR}/SDCycleScrollView/SDCycleScrollView.framework",
				"${BUILT_PRODUCTS_DIR}/SDWebImage/SDWebImage.framework",
				"${BUILT_PRODUCTS_DIR}/SVProgressHUD/SVProgressHUD.framework",
				"${BUILT_PRODUCTS_DIR}/SnapKit/SnapKit.framework",
				"${BUILT_PRODUCTS_DIR}/SwiftyJSON/SwiftyJSON.framework",
				"${BUILT_PRODUCTS_DIR}/YYKit/YYKit.framework",
			);
			name = "[CP] Embed Pods Frameworks";
			outputPaths = (
				"${TARGET_BUILD_DIR}/${FRAMEWORKS_FOLDER_PATH}/AFNetworking.framework",
				"${TARGET_BUILD_DIR}/${FRAMEWORKS_FOLDER_PATH}/Alamofire.framework",
				"${TARGET_BUILD_DIR}/${FRAMEWORKS_FOLDER_PATH}/BetterSegmentedControl.framework",
				"${TARGET_BUILD_DIR}/${FRAMEWORKS_FOLDER_PATH}/DZNEmptyDataSet.framework",
				"${TARGET_BUILD_DIR}/${FRAMEWORKS_FOLDER_PATH}/IQKeyboardManager.framework",
				"${TARGET_BUILD_DIR}/${FRAMEWORKS_FOLDER_PATH}/IQKeyboardManagerSwift.framework",
				"${TARGET_BUILD_DIR}/${FRAMEWORKS_FOLDER_PATH}/Kingfisher.framework",
				"${TARGET_BUILD_DIR}/${FRAMEWORKS_FOLDER_PATH}/LeanCloud.framework",
				"${TARGET_BUILD_DIR}/${FRAMEWORKS_FOLDER_PATH}/MBProgressHUD.framework",
				"${TARGET_BUILD_DIR}/${FRAMEWORKS_FOLDER_PATH}/MJExtension.framework",
				"${TARGET_BUILD_DIR}/${FRAMEWORKS_FOLDER_PATH}/MJRefresh.framework",
				"${TARGET_BUILD_DIR}/${FRAMEWORKS_FOLDER_PATH}/Masonry.framework",
				"${TARGET_BUILD_DIR}/${FRAMEWORKS_FOLDER_PATH}/Moya.framework",
				"${TARGET_BUILD_DIR}/${FRAMEWORKS_FOLDER_PATH}/ObjectMapper.framework",
				"${TARGET_BUILD_DIR}/${FRAMEWORKS_FOLDER_PATH}/Result.framework",
				"${TARGET_BUILD_DIR}/${FRAMEWORKS_FOLDER_PATH}/RxSwift.framework",
				"${TARGET_BUILD_DIR}/${FRAMEWORKS_FOLDER_PATH}/SDCycleScrollView.framework",
				"${TARGET_BUILD_DIR}/${FRAMEWORKS_FOLDER_PATH}/SDWebImage.framework",
				"${TARGET_BUILD_DIR}/${FRAMEWORKS_FOLDER_PATH}/SVProgressHUD.framework",
				"${TARGET_BUILD_DIR}/${FRAMEWORKS_FOLDER_PATH}/SnapKit.framework",
				"${TARGET_BUILD_DIR}/${FRAMEWORKS_FOLDER_PATH}/SwiftyJSON.framework",
				"${TARGET_BUILD_DIR}/${FRAMEWORKS_FOLDER_PATH}/YYKit.framework",
			);
			runOnlyForDeploymentPostprocessing = 0;
			shellPath = /bin/sh;
			shellScript = "\"${SRCROOT}/Pods/Target Support Files/Pods-Draw/Pods-Draw-frameworks.sh\"\n";
			showEnvVarsInLog = 0;
		};
		9E12503E1D09C3A7C0AE239D /* [CP] Check Pods Manifest.lock */ = {
			isa = PBXShellScriptBuildPhase;
			buildActionMask = 2147483647;
			files = (
			);
			inputPaths = (
				"${PODS_PODFILE_DIR_PATH}/Podfile.lock",
				"${PODS_ROOT}/Manifest.lock",
			);
			name = "[CP] Check Pods Manifest.lock";
			outputPaths = (
				"$(DERIVED_FILE_DIR)/Pods-DrawTests-checkManifestLockResult.txt",
			);
			runOnlyForDeploymentPostprocessing = 0;
			shellPath = /bin/sh;
			shellScript = "diff \"${PODS_PODFILE_DIR_PATH}/Podfile.lock\" \"${PODS_ROOT}/Manifest.lock\" > /dev/null\nif [ $? != 0 ] ; then\n    # print error to STDERR\n    echo \"error: The sandbox is not in sync with the Podfile.lock. Run 'pod install' or update your CocoaPods installation.\" >&2\n    exit 1\nfi\n# This output is used by Xcode 'outputs' to avoid re-running this script phase.\necho \"SUCCESS\" > \"${SCRIPT_OUTPUT_FILE_0}\"\n";
			showEnvVarsInLog = 0;
		};
/* End PBXShellScriptBuildPhase section */

/* Begin PBXSourcesBuildPhase section */
		9D1B886020B938AD00115E9F /* Sources */ = {
			isa = PBXSourcesBuildPhase;
			buildActionMask = 2147483647;
			files = (
				9D5CA68520CBD2AF001363B3 /* ChooseBallCollectionViewCell.swift in Sources */,
				9D5CA63320CB7CB6001363B3 /* TTBetSSCInfo.m in Sources */,
				9D86A1C120CA547800B80056 /* RequestManager.m in Sources */,
				9D86A1BD20C9190500B80056 /* WebViewViewController.swift in Sources */,
				9D5CA68320CBD06E001363B3 /* ChoosBallViewController.swift in Sources */,
				9D5CA63820CB7CC2001363B3 /* CXLotteryOpenTrendVc.m in Sources */,
				9D1B886820B938AD00115E9F /* AppDelegate.swift in Sources */,
				9D5CA63F20CB7EBC001363B3 /* UIBarButtonItem+Item.m in Sources */,
				9D86A19C20C513FC00B80056 /* AboutUsViewController.swift in Sources */,
				9D86A1B120C7E30D00B80056 /* NewsTableViewCell.swift in Sources */,
				9D5CA63C20CB7D61001363B3 /* CXSSQModel.m in Sources */,
				9D5CA64220CB7F0C001363B3 /* UIView+Extension.m in Sources */,
				9D86A1AF20C7D78400B80056 /* SLTool.swift in Sources */,
				9D5CA64A20CB80E1001363B3 /* CXNetworkTool.m in Sources */,
				9D86A18F20C27C5A00B80056 /* MyOrderViewController.swift in Sources */,
				9D86A1A020C519A400B80056 /* SettingsTableViewController.swift in Sources */,
				9D86A18820C147A300B80056 /* AwardViewController.swift in Sources */,
				9D86A19A20C2A64D00B80056 /* BaseNavigationViewController.swift in Sources */,
				9D5CA63120CB7CB6001363B3 /* TTAppcationInstance.m in Sources */,
				9D86A19320C2975A00B80056 /* OrderTableViewCell.swift in Sources */,
				9D5CA62F20CB7CB6001363B3 /* DSTrendChartGainListInfo.m in Sources */,
				9D5CA63420CB7CB6001363B3 /* DSTrendChartView.m in Sources */,
				9D5CA63220CB7CB6001363B3 /* DSView.m in Sources */,
				9DAF947120CCF3E500CA9666 /* AwardTableViewCell.swift in Sources */,
				9D5CA64620CB80D0001363B3 /* JAJNetwork.m in Sources */,
				9D86A18620C1478A00B80056 /* HomeViewController.swift in Sources */,
				9D5CA65220CBB50C001363B3 /* NumberLibViewController.swift in Sources */,
				9D5CA63520CB7CB6001363B3 /* DSDataObject.m in Sources */,
				9D374F6520CA82AD00B03E67 /* LoginViewController.swift in Sources */,
				9D32240520CD1A24001ADF13 /* RecommendViewController.swift in Sources */,
				9D374F6720CA82C000B03E67 /* RegisterViewController.swift in Sources */,
				9D86A18A20C147AD00B80056 /* MineViewController.swift in Sources */,
				9D5CA63020CB7CB6001363B3 /* DSTrendChartGainDataInfo.m in Sources */,
				9D86A1BB20C7E84200B80056 /* NewsRequest.swift in Sources */,
				9D86A18D20C14FA600B80056 /* MineTableViewCell.swift in Sources */,
				9D374F6920CA82CE00B03E67 /* ChangePSWViewController.swift in Sources */,
			);
			runOnlyForDeploymentPostprocessing = 0;
		};
		9D1B887420B938AF00115E9F /* Sources */ = {
			isa = PBXSourcesBuildPhase;
			buildActionMask = 2147483647;
			files = (
				9D1B887D20B938AF00115E9F /* DrawTests.swift in Sources */,
			);
			runOnlyForDeploymentPostprocessing = 0;
		};
		9D1B887F20B938AF00115E9F /* Sources */ = {
			isa = PBXSourcesBuildPhase;
			buildActionMask = 2147483647;
			files = (
				9D1B888820B938AF00115E9F /* DrawUITests.swift in Sources */,
			);
			runOnlyForDeploymentPostprocessing = 0;
		};
/* End PBXSourcesBuildPhase section */

/* Begin PBXTargetDependency section */
		9D1B887A20B938AF00115E9F /* PBXTargetDependency */ = {
			isa = PBXTargetDependency;
			target = 9D1B886320B938AD00115E9F /* Draw */;
			targetProxy = 9D1B887920B938AF00115E9F /* PBXContainerItemProxy */;
		};
		9D1B888520B938AF00115E9F /* PBXTargetDependency */ = {
			isa = PBXTargetDependency;
			target = 9D1B886320B938AD00115E9F /* Draw */;
			targetProxy = 9D1B888420B938AF00115E9F /* PBXContainerItemProxy */;
		};
/* End PBXTargetDependency section */

/* Begin PBXVariantGroup section */
		9D1B886B20B938AD00115E9F /* Main.storyboard */ = {
			isa = PBXVariantGroup;
			children = (
				9D1B886C20B938AD00115E9F /* Base */,
			);
			name = Main.storyboard;
			sourceTree = "<group>";
		};
		9D1B887020B938AF00115E9F /* LaunchScreen.storyboard */ = {
			isa = PBXVariantGroup;
			children = (
				9D1B887120B938AF00115E9F /* Base */,
			);
			name = LaunchScreen.storyboard;
			sourceTree = "<group>";
		};
/* End PBXVariantGroup section */

/* Begin XCBuildConfiguration section */
		9D1B888A20B938AF00115E9F /* Debug */ = {
			isa = XCBuildConfiguration;
			buildSettings = {
				ALWAYS_SEARCH_USER_PATHS = NO;
				CLANG_ANALYZER_NONNULL = YES;
				CLANG_ANALYZER_NUMBER_OBJECT_CONVERSION = YES_AGGRESSIVE;
				CLANG_CXX_LANGUAGE_STANDARD = "gnu++14";
				CLANG_CXX_LIBRARY = "libc++";
				CLANG_ENABLE_MODULES = YES;
				CLANG_ENABLE_OBJC_ARC = YES;
				CLANG_ENABLE_OBJC_WEAK = YES;
				CLANG_WARN_BLOCK_CAPTURE_AUTORELEASING = YES;
				CLANG_WARN_BOOL_CONVERSION = YES;
				CLANG_WARN_COMMA = YES;
				CLANG_WARN_CONSTANT_CONVERSION = YES;
				CLANG_WARN_DEPRECATED_OBJC_IMPLEMENTATIONS = YES;
				CLANG_WARN_DIRECT_OBJC_ISA_USAGE = YES_ERROR;
				CLANG_WARN_DOCUMENTATION_COMMENTS = YES;
				CLANG_WARN_EMPTY_BODY = YES;
				CLANG_WARN_ENUM_CONVERSION = YES;
				CLANG_WARN_INFINITE_RECURSION = YES;
				CLANG_WARN_INT_CONVERSION = YES;
				CLANG_WARN_NON_LITERAL_NULL_CONVERSION = YES;
				CLANG_WARN_OBJC_IMPLICIT_RETAIN_SELF = YES;
				CLANG_WARN_OBJC_LITERAL_CONVERSION = YES;
				CLANG_WARN_OBJC_ROOT_CLASS = YES_ERROR;
				CLANG_WARN_RANGE_LOOP_ANALYSIS = YES;
				CLANG_WARN_STRICT_PROTOTYPES = YES;
				CLANG_WARN_SUSPICIOUS_MOVE = YES;
				CLANG_WARN_UNGUARDED_AVAILABILITY = YES_AGGRESSIVE;
				CLANG_WARN_UNREACHABLE_CODE = YES;
				CLANG_WARN__DUPLICATE_METHOD_MATCH = YES;
				CODE_SIGN_IDENTITY = "iPhone Developer";
				COPY_PHASE_STRIP = NO;
				DEBUG_INFORMATION_FORMAT = dwarf;
				ENABLE_STRICT_OBJC_MSGSEND = YES;
				ENABLE_TESTABILITY = YES;
				GCC_C_LANGUAGE_STANDARD = gnu11;
				GCC_DYNAMIC_NO_PIC = NO;
				GCC_NO_COMMON_BLOCKS = YES;
				GCC_OPTIMIZATION_LEVEL = 0;
				GCC_PREPROCESSOR_DEFINITIONS = (
					"DEBUG=1",
					"$(inherited)",
				);
				GCC_WARN_64_TO_32_BIT_CONVERSION = YES;
				GCC_WARN_ABOUT_RETURN_TYPE = YES_ERROR;
				GCC_WARN_UNDECLARED_SELECTOR = YES;
				GCC_WARN_UNINITIALIZED_AUTOS = YES_AGGRESSIVE;
				GCC_WARN_UNUSED_FUNCTION = YES;
				GCC_WARN_UNUSED_VARIABLE = YES;
				IPHONEOS_DEPLOYMENT_TARGET = 11.3;
				MTL_ENABLE_DEBUG_INFO = YES;
				ONLY_ACTIVE_ARCH = YES;
				SDKROOT = iphoneos;
				SWIFT_ACTIVE_COMPILATION_CONDITIONS = DEBUG;
				SWIFT_OPTIMIZATION_LEVEL = "-Onone";
			};
			name = Debug;
		};
		9D1B888B20B938AF00115E9F /* Release */ = {
			isa = XCBuildConfiguration;
			buildSettings = {
				ALWAYS_SEARCH_USER_PATHS = NO;
				CLANG_ANALYZER_NONNULL = YES;
				CLANG_ANALYZER_NUMBER_OBJECT_CONVERSION = YES_AGGRESSIVE;
				CLANG_CXX_LANGUAGE_STANDARD = "gnu++14";
				CLANG_CXX_LIBRARY = "libc++";
				CLANG_ENABLE_MODULES = YES;
				CLANG_ENABLE_OBJC_ARC = YES;
				CLANG_ENABLE_OBJC_WEAK = YES;
				CLANG_WARN_BLOCK_CAPTURE_AUTORELEASING = YES;
				CLANG_WARN_BOOL_CONVERSION = YES;
				CLANG_WARN_COMMA = YES;
				CLANG_WARN_CONSTANT_CONVERSION = YES;
				CLANG_WARN_DEPRECATED_OBJC_IMPLEMENTATIONS = YES;
				CLANG_WARN_DIRECT_OBJC_ISA_USAGE = YES_ERROR;
				CLANG_WARN_DOCUMENTATION_COMMENTS = YES;
				CLANG_WARN_EMPTY_BODY = YES;
				CLANG_WARN_ENUM_CONVERSION = YES;
				CLANG_WARN_INFINITE_RECURSION = YES;
				CLANG_WARN_INT_CONVERSION = YES;
				CLANG_WARN_NON_LITERAL_NULL_CONVERSION = YES;
				CLANG_WARN_OBJC_IMPLICIT_RETAIN_SELF = YES;
				CLANG_WARN_OBJC_LITERAL_CONVERSION = YES;
				CLANG_WARN_OBJC_ROOT_CLASS = YES_ERROR;
				CLANG_WARN_RANGE_LOOP_ANALYSIS = YES;
				CLANG_WARN_STRICT_PROTOTYPES = YES;
				CLANG_WARN_SUSPICIOUS_MOVE = YES;
				CLANG_WARN_UNGUARDED_AVAILABILITY = YES_AGGRESSIVE;
				CLANG_WARN_UNREACHABLE_CODE = YES;
				CLANG_WARN__DUPLICATE_METHOD_MATCH = YES;
				CODE_SIGN_IDENTITY = "iPhone Developer";
				COPY_PHASE_STRIP = NO;
				DEBUG_INFORMATION_FORMAT = "dwarf-with-dsym";
				ENABLE_NS_ASSERTIONS = NO;
				ENABLE_STRICT_OBJC_MSGSEND = YES;
				GCC_C_LANGUAGE_STANDARD = gnu11;
				GCC_NO_COMMON_BLOCKS = YES;
				GCC_WARN_64_TO_32_BIT_CONVERSION = YES;
				GCC_WARN_ABOUT_RETURN_TYPE = YES_ERROR;
				GCC_WARN_UNDECLARED_SELECTOR = YES;
				GCC_WARN_UNINITIALIZED_AUTOS = YES_AGGRESSIVE;
				GCC_WARN_UNUSED_FUNCTION = YES;
				GCC_WARN_UNUSED_VARIABLE = YES;
				IPHONEOS_DEPLOYMENT_TARGET = 11.3;
				MTL_ENABLE_DEBUG_INFO = NO;
				SDKROOT = iphoneos;
				SWIFT_COMPILATION_MODE = wholemodule;
				SWIFT_OPTIMIZATION_LEVEL = "-O";
				VALIDATE_PRODUCT = YES;
			};
			name = Release;
		};
		9D1B888D20B938AF00115E9F /* Debug */ = {
			isa = XCBuildConfiguration;
			baseConfigurationReference = 7D6AB0357DE5C8A3F3722314 /* Pods-Draw.debug.xcconfig */;
			buildSettings = {
				ASSETCATALOG_COMPILER_APPICON_NAME = AppIcon;
				CLANG_ENABLE_MODULES = YES;
				CODE_SIGN_STYLE = Automatic;
				DEVELOPMENT_TEAM = QP487TEY6T;
				INFOPLIST_FILE = Draw/Info.plist;
				IPHONEOS_DEPLOYMENT_TARGET = 9.0;
				LD_RUNPATH_SEARCH_PATHS = (
					"$(inherited)",
					"@executable_path/Frameworks",
				);
				PRODUCT_BUNDLE_IDENTIFIER = SL.Draw;
				PRODUCT_NAME = "$(TARGET_NAME)";
				SWIFT_OBJC_BRIDGING_HEADER = "Draw/Tools/Draw-Bridging-Header.h";
				SWIFT_OPTIMIZATION_LEVEL = "-Onone";
				SWIFT_VERSION = 4.0;
				TARGETED_DEVICE_FAMILY = "1,2";
			};
			name = Debug;
		};
		9D1B888E20B938AF00115E9F /* Release */ = {
			isa = XCBuildConfiguration;
			baseConfigurationReference = 67838E8D739CC2A58EC02C3A /* Pods-Draw.release.xcconfig */;
			buildSettings = {
				ASSETCATALOG_COMPILER_APPICON_NAME = AppIcon;
				CLANG_ENABLE_MODULES = YES;
				CODE_SIGN_STYLE = Automatic;
				DEVELOPMENT_TEAM = QP487TEY6T;
				INFOPLIST_FILE = Draw/Info.plist;
				IPHONEOS_DEPLOYMENT_TARGET = 9.0;
				LD_RUNPATH_SEARCH_PATHS = (
					"$(inherited)",
					"@executable_path/Frameworks",
				);
				PRODUCT_BUNDLE_IDENTIFIER = SL.Draw;
				PRODUCT_NAME = "$(TARGET_NAME)";
				SWIFT_OBJC_BRIDGING_HEADER = "Draw/Tools/Draw-Bridging-Header.h";
				SWIFT_VERSION = 4.0;
				TARGETED_DEVICE_FAMILY = "1,2";
			};
			name = Release;
		};
		9D1B889020B938AF00115E9F /* Debug */ = {
			isa = XCBuildConfiguration;
			baseConfigurationReference = 4687B6C467835011FA142110 /* Pods-DrawTests.debug.xcconfig */;
			buildSettings = {
				ALWAYS_EMBED_SWIFT_STANDARD_LIBRARIES = YES;
				BUNDLE_LOADER = "$(TEST_HOST)";
				CODE_SIGN_STYLE = Automatic;
				DEVELOPMENT_TEAM = D28K8F93ZH;
				INFOPLIST_FILE = DrawTests/Info.plist;
				LD_RUNPATH_SEARCH_PATHS = (
					"$(inherited)",
					"@executable_path/Frameworks",
					"@loader_path/Frameworks",
				);
				PRODUCT_BUNDLE_IDENTIFIER = SL.DrawTests;
				PRODUCT_NAME = "$(TARGET_NAME)";
				SWIFT_VERSION = 4.0;
				TARGETED_DEVICE_FAMILY = "1,2";
				TEST_HOST = "$(BUILT_PRODUCTS_DIR)/Draw.app/Draw";
			};
			name = Debug;
		};
		9D1B889120B938AF00115E9F /* Release */ = {
			isa = XCBuildConfiguration;
			baseConfigurationReference = 007FB1DAC22A68DFBA3BA567 /* Pods-DrawTests.release.xcconfig */;
			buildSettings = {
				ALWAYS_EMBED_SWIFT_STANDARD_LIBRARIES = YES;
				BUNDLE_LOADER = "$(TEST_HOST)";
				CODE_SIGN_STYLE = Automatic;
				DEVELOPMENT_TEAM = D28K8F93ZH;
				INFOPLIST_FILE = DrawTests/Info.plist;
				LD_RUNPATH_SEARCH_PATHS = (
					"$(inherited)",
					"@executable_path/Frameworks",
					"@loader_path/Frameworks",
				);
				PRODUCT_BUNDLE_IDENTIFIER = SL.DrawTests;
				PRODUCT_NAME = "$(TARGET_NAME)";
				SWIFT_VERSION = 4.0;
				TARGETED_DEVICE_FAMILY = "1,2";
				TEST_HOST = "$(BUILT_PRODUCTS_DIR)/Draw.app/Draw";
			};
			name = Release;
		};
		9D1B889320B938AF00115E9F /* Debug */ = {
			isa = XCBuildConfiguration;
			baseConfigurationReference = 87B17B5DF921C3744A5224C1 /* Pods-DrawUITests.debug.xcconfig */;
			buildSettings = {
				ALWAYS_EMBED_SWIFT_STANDARD_LIBRARIES = YES;
				CODE_SIGN_STYLE = Automatic;
				DEVELOPMENT_TEAM = D28K8F93ZH;
				INFOPLIST_FILE = DrawUITests/Info.plist;
				LD_RUNPATH_SEARCH_PATHS = (
					"$(inherited)",
					"@executable_path/Frameworks",
					"@loader_path/Frameworks",
				);
				PRODUCT_BUNDLE_IDENTIFIER = SL.DrawUITests;
				PRODUCT_NAME = "$(TARGET_NAME)";
				SWIFT_VERSION = 4.0;
				TARGETED_DEVICE_FAMILY = "1,2";
				TEST_TARGET_NAME = Draw;
			};
			name = Debug;
		};
		9D1B889420B938AF00115E9F /* Release */ = {
			isa = XCBuildConfiguration;
			baseConfigurationReference = 9E18BB591223610F2769933C /* Pods-DrawUITests.release.xcconfig */;
			buildSettings = {
				ALWAYS_EMBED_SWIFT_STANDARD_LIBRARIES = YES;
				CODE_SIGN_STYLE = Automatic;
				DEVELOPMENT_TEAM = D28K8F93ZH;
				INFOPLIST_FILE = DrawUITests/Info.plist;
				LD_RUNPATH_SEARCH_PATHS = (
					"$(inherited)",
					"@executable_path/Frameworks",
					"@loader_path/Frameworks",
				);
				PRODUCT_BUNDLE_IDENTIFIER = SL.DrawUITests;
				PRODUCT_NAME = "$(TARGET_NAME)";
				SWIFT_VERSION = 4.0;
				TARGETED_DEVICE_FAMILY = "1,2";
				TEST_TARGET_NAME = Draw;
			};
			name = Release;
		};
/* End XCBuildConfiguration section */

/* Begin XCConfigurationList section */
		9D1B885F20B938AD00115E9F /* Build configuration list for PBXProject "Draw" */ = {
			isa = XCConfigurationList;
			buildConfigurations = (
				9D1B888A20B938AF00115E9F /* Debug */,
				9D1B888B20B938AF00115E9F /* Release */,
			);
			defaultConfigurationIsVisible = 0;
			defaultConfigurationName = Release;
		};
		9D1B888C20B938AF00115E9F /* Build configuration list for PBXNativeTarget "Draw" */ = {
			isa = XCConfigurationList;
			buildConfigurations = (
				9D1B888D20B938AF00115E9F /* Debug */,
				9D1B888E20B938AF00115E9F /* Release */,
			);
			defaultConfigurationIsVisible = 0;
			defaultConfigurationName = Release;
		};
		9D1B888F20B938AF00115E9F /* Build configuration list for PBXNativeTarget "DrawTests" */ = {
			isa = XCConfigurationList;
			buildConfigurations = (
				9D1B889020B938AF00115E9F /* Debug */,
				9D1B889120B938AF00115E9F /* Release */,
			);
			defaultConfigurationIsVisible = 0;
			defaultConfigurationName = Release;
		};
		9D1B889220B938AF00115E9F /* Build configuration list for PBXNativeTarget "DrawUITests" */ = {
			isa = XCConfigurationList;
			buildConfigurations = (
				9D1B889320B938AF00115E9F /* Debug */,
				9D1B889420B938AF00115E9F /* Release */,
			);
			defaultConfigurationIsVisible = 0;
			defaultConfigurationName = Release;
		};
/* End XCConfigurationList section */
	};
	rootObject = 9D1B885C20B938AD00115E9F /* Project object */;
}
